
Microsoft Visual Studio Solution File, Format Version 12.00
# Visual Studio 15
VisualStudioVersion = 15.0.27004.2002
MinimumVisualStudioVersion = 10.0.40219.1
Project("{FAE04EC0-301F-11D3-BF4B-00C04F79EFBC}") = "VSHelloWorld_150221015", "VSHelloWorld_150221015\VSHelloWorld_150221015.csproj", "{905287C5-7A2D-4ACC-95FC-5A084E08809A}"
EndProject
Global
	GlobalSection(SolutionConfigurationPlatforms) = preSolution
		Debug|Any CPU = Debug|Any CPU
		Release|Any CPU = Release|Any CPU
	EndGlobalSection
	GlobalSection(ProjectConfigurationPlatforms) = postSolution
		{905287C5-7A2D-4ACC-95FC-5A084E08809A}.Debug|Any CPU.ActiveCfg = Debug|Any CPU
		{905287C5-7A2D-4ACC-95FC-5A084E08809A}.Debug|Any CPU.Build.0 = Debug|Any CPU
		{905287C5-7A2D-4ACC-95FC-5A084E08809A}.Release|Any CPU.ActiveCfg = Release|Any CPU
		{905287C5-7A2D-4ACC-95FC-5A084E08809A}.Release|Any CPU.Build.0 = Release|Any CPU
	EndGlobalSection
	GlobalSection(SolutionProperties) = preSolution
		HideSolutionNode = FALSE
	EndGlobalSection
	GlobalSection(ExtensibilityGlobals) = postSolution
		SolutionGuid = {CADAC76F-24E8-4390-8C16-1253EDCD5716}
	EndGlobalSection
EndGlobal
